
Microsoft Visual Studio Solution File, Format Version 12.00
# Visual Studio Version 18
VisualStudioVersion = 18.0.11222.15
MinimumVisualStudioVersion = 10.0.40219.1
Project("{FAE04EC0-301F-11D3-BF4B-00C04F79EFBC}") = "testFTV", "testFTV\testFTV.csproj", "{58DCB3EB-422D-46E8-BAA7-8D1B0AED6948}"
EndProject
Global
	GlobalSection(SolutionConfigurationPlatforms) = preSolution
		Debug|Any CPU = Debug|Any CPU
		Release|Any CPU = Release|Any CPU
	EndGlobalSection
	GlobalSection(ProjectConfigurationPlatforms) = postSolution
		{58DCB3EB-422D-46E8-BAA7-8D1B0AED6948}.Debug|Any CPU.ActiveCfg = Debug|Any CPU
		{58DCB3EB-422D-46E8-BAA7-8D1B0AED6948}.Debug|Any CPU.Build.0 = Debug|Any CPU
		{58DCB3EB-422D-46E8-BAA7-8D1B0AED6948}.Release|Any CPU.ActiveCfg = Release|Any CPU
		{58DCB3EB-422D-46E8-BAA7-8D1B0AED6948}.Release|Any CPU.Build.0 = Release|Any CPU
	EndGlobalSection
	GlobalSection(SolutionProperties) = preSolution
		HideSolutionNode = FALSE
	EndGlobalSection
	GlobalSection(ExtensibilityGlobals) = postSolution
		SolutionGuid = {C85BC485-C154-4BC8-9B82-1934180D7304}
	EndGlobalSection
EndGlobal
